schema: '2.0'
stages:
  data_ingestion:
    cmd: python src/myFashionRecommender/pipeline/stage_01_data_ingestion.py
    deps:
    - path: config/config.yaml
      hash: md5
      md5: a57f84121276119734c43f1e5fda9138
      size: 817
    - path: src/myFashionRecommender/pipeline/stage_01_data_ingestion.py
      hash: md5
      md5: c871b7ef3ef9b3acb3b184fac4c79082
      size: 933
    outs:
    - path: artifacts/data_ingestion/images
      hash: md5
      md5: f154ce063cb849d3ee944b661b86bc23.dir
      size: 567793310
      nfiles: 44441
  prepare_base_model:
    cmd: python src/myFashionRecommender/pipeline/stage_02_prepare_base_model.py
    deps:
    - path: config/config.yaml
      hash: md5
      md5: a57f84121276119734c43f1e5fda9138
      size: 817
    - path: src/myFashionRecommender/pipeline/stage_02_prepare_base_model.py
      hash: md5
      md5: c4da81539a779c247e3eacc4622c9fb1
      size: 1008
    params:
      params.yaml:
        IMAGE_SIZE:
        - 224
        - 224
        - 3
        INCLUDE_TOP: false
        WEIGHTS: imagenet
    outs:
    - path: artifacts/prepare_base_model
      hash: md5
      md5: 9dbac8b6a8a8ae7d7d1b88f25c287148.dir
      size: 189540272
      nfiles: 2
  feature_extraction:
    cmd: python src/myFashionRecommender/pipeline/stage_03_feature_extraction.py
    deps:
    - path: artifacts/data_ingestion/images
      hash: md5
      md5: f154ce063cb849d3ee944b661b86bc23.dir
      size: 567793310
      nfiles: 44441
    - path: artifacts/prepare_base_model/base_model_updated.h5
      hash: md5
      md5: 7634bfd3faec3fdd036207ae8dff354c
      size: 94675128
    - path: config/config.yaml
      hash: md5
      md5: a57f84121276119734c43f1e5fda9138
      size: 817
    - path: src/myFashionRecommender/pipeline/stage_03_feature_extraction.py
      hash: md5
      md5: c3c4e56841e6c9e21de9d5c6dd270a5f
      size: 962
    outs:
    - path: artifacts/features
      hash: md5
      md5: ed89e1fa2b61822dfbb09c12a4418e32.dir
      size: 365621870
      nfiles: 1
    - path: artifacts/filenames
      hash: md5
      md5: c5a10df0ba02f24a8bc69c2813666e55.dir
      size: 1948641
      nfiles: 1
